
Microsoft Visual Studio Solution File, Format Version 12.00
# Visual Studio 15
VisualStudioVersion = 15.0.27130.2020
MinimumVisualStudioVersion = 10.0.40219.1
Project("{FAE04EC0-301F-11D3-BF4B-00C04F79EFBC}") = "StringCalculatorKata", "StringCalculatorKata\StringCalculatorKata.csproj", "{48C1F22D-9535-4175-85F3-543590CB64B9}"
EndProject
Project("{FAE04EC0-301F-11D3-BF4B-00C04F79EFBC}") = "StringCalculatorKata.Tests", "StringCalculatorKata.Tests\StringCalculatorKata.Tests.csproj", "{8BE0EF3F-75C9-4978-9779-D9417DD03C0A}"
EndProject
Global
	GlobalSection(SolutionConfigurationPlatforms) = preSolution
		Debug|Any CPU = Debug|Any CPU
		Release|Any CPU = Release|Any CPU
	EndGlobalSection
	GlobalSection(ProjectConfigurationPlatforms) = postSolution
		{48C1F22D-9535-4175-85F3-543590CB64B9}.Debug|Any CPU.ActiveCfg = Debug|Any CPU
		{48C1F22D-9535-4175-85F3-543590CB64B9}.Debug|Any CPU.Build.0 = Debug|Any CPU
		{48C1F22D-9535-4175-85F3-543590CB64B9}.Release|Any CPU.ActiveCfg = Release|Any CPU
		{48C1F22D-9535-4175-85F3-543590CB64B9}.Release|Any CPU.Build.0 = Release|Any CPU
		{8BE0EF3F-75C9-4978-9779-D9417DD03C0A}.Debug|Any CPU.ActiveCfg = Debug|Any CPU
		{8BE0EF3F-75C9-4978-9779-D9417DD03C0A}.Debug|Any CPU.Build.0 = Debug|Any CPU
		{8BE0EF3F-75C9-4978-9779-D9417DD03C0A}.Release|Any CPU.ActiveCfg = Release|Any CPU
		{8BE0EF3F-75C9-4978-9779-D9417DD03C0A}.Release|Any CPU.Build.0 = Release|Any CPU
	EndGlobalSection
	GlobalSection(SolutionProperties) = preSolution
		HideSolutionNode = FALSE
	EndGlobalSection
	GlobalSection(ExtensibilityGlobals) = postSolution
		SolutionGuid = {CAFA1752-165E-4958-A218-CAC94D811197}
	EndGlobalSection
EndGlobal
